
Microsoft Visual Studio Solution File, Format Version 12.00
Project("{FAE04EC0-301F-11D3-BF4B-00C04F79EFBC}") = "dapperCRUD", "dapperCRUD\dapperCRUD.csproj", "{387990D6-2395-46A4-8D4D-2BB04D598EDE}"
EndProject
Global
	GlobalSection(SolutionConfigurationPlatforms) = preSolution
		Debug|Any CPU = Debug|Any CPU
		Release|Any CPU = Release|Any CPU
	EndGlobalSection
	GlobalSection(ProjectConfigurationPlatforms) = postSolution
		{387990D6-2395-46A4-8D4D-2BB04D598EDE}.Debug|Any CPU.ActiveCfg = Debug|Any CPU
		{387990D6-2395-46A4-8D4D-2BB04D598EDE}.Debug|Any CPU.Build.0 = Debug|Any CPU
		{387990D6-2395-46A4-8D4D-2BB04D598EDE}.Release|Any CPU.ActiveCfg = Release|Any CPU
		{387990D6-2395-46A4-8D4D-2BB04D598EDE}.Release|Any CPU.Build.0 = Release|Any CPU
	EndGlobalSection
EndGlobal
